
Microsoft Visual Studio Solution File, Format Version 12.00
# Visual Studio 15
VisualStudioVersion = 15.0.27004.2002
MinimumVisualStudioVersion = 10.0.40219.1
Project("{FAE04EC0-301F-11D3-BF4B-00C04F79EFBC}") = "EveryCent.Android", "EveryCent\EveryCent.Android\EveryCent.Android.csproj", "{219D1CE4-106F-4DF8-BFE9-74A9AEAEA159}"
EndProject
Project("{FAE04EC0-301F-11D3-BF4B-00C04F79EFBC}") = "EveryCent.iOS", "EveryCent\EveryCent.iOS\EveryCent.iOS.csproj", "{FCB9C10A-6B62-4E2F-A3EB-DDC160EC6CCC}"
EndProject
Project("{FAE04EC0-301F-11D3-BF4B-00C04F79EFBC}") = "EveryCent.UWP", "EveryCent\EveryCent.UWP\EveryCent.UWP.csproj", "{AB480F8D-E2E5-41DA-B950-B53CE4B067AB}"
EndProject
Project("{9A19103F-16F7-4668-BE54-9A1E7A4F7556}") = "EveryCent.Logic", "EveryCent\EveryCent.Logic\EveryCent.Logic.csproj", "{84665B9A-048A-4605-88F0-B466395BA2CE}"
EndProject
Project("{FAE04EC0-301F-11D3-BF4B-00C04F79EFBC}") = "EveryCent", "EveryCent\EveryCent\EveryCent.csproj", "{C4989F15-A2CE-4F47-B655-CBD38BE82D7E}"
EndProject
Project("{FAE04EC0-301F-11D3-BF4B-00C04F79EFBC}") = "EveryCent.Data", "EveryCent\EveryCent.Data\EveryCent.Data.csproj", "{6A5DF026-A26C-4636-9C8B-F40D921E2FCA}"
EndProject
Global
	GlobalSection(SolutionConfigurationPlatforms) = preSolution
		Ad-Hoc|Any CPU = Ad-Hoc|Any CPU
		Ad-Hoc|ARM = Ad-Hoc|ARM
		Ad-Hoc|iPhone = Ad-Hoc|iPhone
		Ad-Hoc|iPhoneSimulator = Ad-Hoc|iPhoneSimulator
		Ad-Hoc|x64 = Ad-Hoc|x64
		Ad-Hoc|x86 = Ad-Hoc|x86
		AppStore|Any CPU = AppStore|Any CPU
		AppStore|ARM = AppStore|ARM
		AppStore|iPhone = AppStore|iPhone
		AppStore|iPhoneSimulator = AppStore|iPhoneSimulator
		AppStore|x64 = AppStore|x64
		AppStore|x86 = AppStore|x86
		Debug|Any CPU = Debug|Any CPU
		Debug|ARM = Debug|ARM
		Debug|iPhone = Debug|iPhone
		Debug|iPhoneSimulator = Debug|iPhoneSimulator
		Debug|x64 = Debug|x64
		Debug|x86 = Debug|x86
		Release|Any CPU = Release|Any CPU
		Release|ARM = Release|ARM
		Release|iPhone = Release|iPhone
		Release|iPhoneSimulator = Release|iPhoneSimulator
		Release|x64 = Release|x64
		Release|x86 = Release|x86
	EndGlobalSection
	GlobalSection(ProjectConfigurationPlatforms) = postSolution
		{219D1CE4-106F-4DF8-BFE9-74A9AEAEA159}.Ad-Hoc|Any CPU.ActiveCfg = Release|Any CPU
		{219D1CE4-106F-4DF8-BFE9-74A9AEAEA159}.Ad-Hoc|Any CPU.Build.0 = Release|Any CPU
		{219D1CE4-106F-4DF8-BFE9-74A9AEAEA159}.Ad-Hoc|Any CPU.Deploy.0 = Release|Any CPU
		{219D1CE4-106F-4DF8-BFE9-74A9AEAEA159}.Ad-Hoc|ARM.ActiveCfg = Release|Any CPU
		{219D1CE4-106F-4DF8-BFE9-74A9AEAEA159}.Ad-Hoc|ARM.Build.0 = Release|Any CPU
		{219D1CE4-106F-4DF8-BFE9-74A9AEAEA159}.Ad-Hoc|ARM.Deploy.0 = Release|Any CPU
		{219D1CE4-106F-4DF8-BFE9-74A9AEAEA159}.Ad-Hoc|iPhone.ActiveCfg = Release|Any CPU
		{219D1CE4-106F-4DF8-BFE9-74A9AEAEA159}.Ad-Hoc|iPhone.Build.0 = Release|Any CPU
		{219D1CE4-106F-4DF8-BFE9-74A9AEAEA159}.Ad-Hoc|iPhone.Deploy.0 = Release|Any CPU
		{219D1CE4-106F-4DF8-BFE9-74A9AEAEA159}.Ad-Hoc|iPhoneSimulator.ActiveCfg = Release|Any CPU
		{219D1CE4-106F-4DF8-BFE9-74A9AEAEA159}.Ad-Hoc|iPhoneSimulator.Build.0 = Release|Any CPU
		{219D1CE4-106F-4DF8-BFE9-74A9AEAEA159}.Ad-Hoc|iPhoneSimulator.Deploy.0 = Release|Any CPU
		{219D1CE4-106F-4DF8-BFE9-74A9AEAEA159}.Ad-Hoc|x64.ActiveCfg = Release|Any CPU
		{219D1CE4-106F-4DF8-BFE9-74A9AEAEA159}.Ad-Hoc|x64.Build.0 = Release|Any CPU
		{219D1CE4-106F-4DF8-BFE9-74A9AEAEA159}.Ad-Hoc|x64.Deploy.0 = Release|Any CPU
		{219D1CE4-106F-4DF8-BFE9-74A9AEAEA159}.Ad-Hoc|x86.ActiveCfg = Release|Any CPU
		{219D1CE4-106F-4DF8-BFE9-74A9AEAEA159}.Ad-Hoc|x86.Build.0 = Release|Any CPU
		{219D1CE4-106F-4DF8-BFE9-74A9AEAEA159}.Ad-Hoc|x86.Deploy.0 = Release|Any CPU
		{219D1CE4-106F-4DF8-BFE9-74A9AEAEA159}.AppStore|Any CPU.ActiveCfg = Release|Any CPU
		{219D1CE4-106F-4DF8-BFE9-74A9AEAEA159}.AppStore|Any CPU.Build.0 = Release|Any CPU
		{219D1CE4-106F-4DF8-BFE9-74A9AEAEA159}.AppStore|Any CPU.Deploy.0 = Release|Any CPU
		{219D1CE4-106F-4DF8-BFE9-74A9AEAEA159}.AppStore|ARM.ActiveCfg = Release|Any CPU
		{219D1CE4-106F-4DF8-BFE9-74A9AEAEA159}.AppStore|ARM.Build.0 = Release|Any CPU
		{219D1CE4-106F-4DF8-BFE9-74A9AEAEA159}.AppStore|ARM.Deploy.0 = Release|Any CPU
		{219D1CE4-106F-4DF8-BFE9-74A9AEAEA159}.AppStore|iPhone.ActiveCfg = Release|Any CPU
		{219D1CE4-106F-4DF8-BFE9-74A9AEAEA159}.AppStore|iPhone.Build.0 = Release|Any CPU
		{219D1CE4-106F-4DF8-BFE9-74A9AEAEA159}.AppStore|iPhone.Deploy.0 = Release|Any CPU
		{219D1CE4-106F-4DF8-BFE9-74A9AEAEA159}.AppStore|iPhoneSimulator.ActiveCfg = Release|Any CPU
		{219D1CE4-106F-4DF8-BFE9-74A9AEAEA159}.AppStore|iPhoneSimulator.Build.0 = Release|Any CPU
		{219D1CE4-106F-4DF8-BFE9-74A9AEAEA159}.AppStore|iPhoneSimulator.Deploy.0 = Release|Any CPU
		{219D1CE4-106F-4DF8-BFE9-74A9AEAEA159}.AppStore|x64.ActiveCfg = Release|Any CPU
		{219D1CE4-106F-4DF8-BFE9-74A9AEAEA159}.AppStore|x64.Build.0 = Release|Any CPU
		{219D1CE4-106F-4DF8-BFE9-74A9AEAEA159}.AppStore|x64.Deploy.0 = Release|Any CPU
		{219D1CE4-106F-4DF8-BFE9-74A9AEAEA159}.AppStore|x86.ActiveCfg = Release|Any CPU
		{219D1CE4-106F-4DF8-BFE9-74A9AEAEA159}.AppStore|x86.Build.0 = Release|Any CPU
		{219D1CE4-106F-4DF8-BFE9-74A9AEAEA159}.AppStore|x86.Deploy.0 = Release|Any CPU
		{219D1CE4-106F-4DF8-BFE9-74A9AEAEA159}.Debug|Any CPU.ActiveCfg = Debug|Any CPU
		{219D1CE4-106F-4DF8-BFE9-74A9AEAEA159}.Debug|Any CPU.Build.0 = Debug|Any CPU
		{219D1CE4-106F-4DF8-BFE9-74A9AEAEA159}.Debug|Any CPU.Deploy.0 = Debug|Any CPU
		{219D1CE4-106F-4DF8-BFE9-74A9AEAEA159}.Debug|ARM.ActiveCfg = Debug|Any CPU
		{219D1CE4-106F-4DF8-BFE9-74A9AEAEA159}.Debug|ARM.Build.0 = Debug|Any CPU
		{219D1CE4-106F-4DF8-BFE9-74A9AEAEA159}.Debug|ARM.Deploy.0 = Debug|Any CPU
		{219D1CE4-106F-4DF8-BFE9-74A9AEAEA159}.Debug|iPhone.ActiveCfg = Debug|Any CPU
		{219D1CE4-106F-4DF8-BFE9-74A9AEAEA159}.Debug|iPhone.Build.0 = Debug|Any CPU
		{219D1CE4-106F-4DF8-BFE9-74A9AEAEA159}.Debug|iPhone.Deploy.0 = Debug|Any CPU
		{219D1CE4-106F-4DF8-BFE9-74A9AEAEA159}.Debug|iPhoneSimulator.ActiveCfg = Debug|Any CPU
		{219D1CE4-106F-4DF8-BFE9-74A9AEAEA159}.Debug|iPhoneSimulator.Build.0 = Debug|Any CPU
		{219D1CE4-106F-4DF8-BFE9-74A9AEAEA159}.Debug|iPhoneSimulator.Deploy.0 = Debug|Any CPU
		{219D1CE4-106F-4DF8-BFE9-74A9AEAEA159}.Debug|x64.ActiveCfg = Debug|Any CPU
		{219D1CE4-106F-4DF8-BFE9-74A9AEAEA159}.Debug|x64.Build.0 = Debug|Any CPU
		{219D1CE4-106F-4DF8-BFE9-74A9AEAEA159}.Debug|x64.Deploy.0 = Debug|Any CPU
		{219D1CE4-106F-4DF8-BFE9-74A9AEAEA159}.Debug|x86.ActiveCfg = Debug|Any CPU
		{219D1CE4-106F-4DF8-BFE9-74A9AEAEA159}.Debug|x86.Build.0 = Debug|Any CPU
		{219D1CE4-106F-4DF8-BFE9-74A9AEAEA159}.Debug|x86.Deploy.0 = Debug|Any CPU
		{219D1CE4-106F-4DF8-BFE9-74A9AEAEA159}.Release|Any CPU.ActiveCfg = Release|Any CPU
		{219D1CE4-106F-4DF8-BFE9-74A9AEAEA159}.Release|Any CPU.Build.0 = Release|Any CPU
		{219D1CE4-106F-4DF8-BFE9-74A9AEAEA159}.Release|Any CPU.Deploy.0 = Release|Any CPU
		{219D1CE4-106F-4DF8-BFE9-74A9AEAEA159}.Release|ARM.ActiveCfg = Release|Any CPU
		{219D1CE4-106F-4DF8-BFE9-74A9AEAEA159}.Release|ARM.Build.0 = Release|Any CPU
		{219D1CE4-106F-4DF8-BFE9-74A9AEAEA159}.Release|ARM.Deploy.0 = Release|Any CPU
		{219D1CE4-106F-4DF8-BFE9-74A9AEAEA159}.Release|iPhone.ActiveCfg = Release|Any CPU
		{219D1CE4-106F-4DF8-BFE9-74A9AEAEA159}.Release|iPhone.Build.0 = Release|Any CPU
		{219D1CE4-106F-4DF8-BFE9-74A9AEAEA159}.Release|iPhone.Deploy.0 = Release|Any CPU
		{219D1CE4-106F-4DF8-BFE9-74A9AEAEA159}.Release|iPhoneSimulator.ActiveCfg = Release|Any CPU
		{219D1CE4-106F-4DF8-BFE9-74A9AEAEA159}.Release|iPhoneSimulator.Build.0 = Release|Any CPU
		{219D1CE4-106F-4DF8-BFE9-74A9AEAEA159}.Release|iPhoneSimulator.Deploy.0 = Release|Any CPU
		{219D1CE4-106F-4DF8-BFE9-74A9AEAEA159}.Release|x64.ActiveCfg = Release|Any CPU
		{219D1CE4-106F-4DF8-BFE9-74A9AEAEA159}.Release|x64.Build.0 = Release|Any CPU
		{219D1CE4-106F-4DF8-BFE9-74A9AEAEA159}.Release|x64.Deploy.0 = Release|Any CPU
		{219D1CE4-106F-4DF8-BFE9-74A9AEAEA159}.Release|x86.ActiveCfg = Release|Any CPU
		{219D1CE4-106F-4DF8-BFE9-74A9AEAEA159}.Release|x86.Build.0 = Release|Any CPU
		{219D1CE4-106F-4DF8-BFE9-74A9AEAEA159}.Release|x86.Deploy.0 = Release|Any CPU
		{FCB9C10A-6B62-4E2F-A3EB-DDC160EC6CCC}.Ad-Hoc|Any CPU.ActiveCfg = Ad-Hoc|iPhoneSimulator
		{FCB9C10A-6B62-4E2F-A3EB-DDC160EC6CCC}.Ad-Hoc|ARM.ActiveCfg = Ad-Hoc|iPhone
		{FCB9C10A-6B62-4E2F-A3EB-DDC160EC6CCC}.Ad-Hoc|iPhone.ActiveCfg = Ad-Hoc|iPhone
		{FCB9C10A-6B62-4E2F-A3EB-DDC160EC6CCC}.Ad-Hoc|iPhone.Build.0 = Ad-Hoc|iPhone
		{FCB9C10A-6B62-4E2F-A3EB-DDC160EC6CCC}.Ad-Hoc|iPhoneSimulator.ActiveCfg = Ad-Hoc|iPhoneSimulator
		{FCB9C10A-6B62-4E2F-A3EB-DDC160EC6CCC}.Ad-Hoc|iPhoneSimulator.Build.0 = Ad-Hoc|iPhoneSimulator
		{FCB9C10A-6B62-4E2F-A3EB-DDC160EC6CCC}.Ad-Hoc|x64.ActiveCfg = Ad-Hoc|iPhone
		{FCB9C10A-6B62-4E2F-A3EB-DDC160EC6CCC}.Ad-Hoc|x86.ActiveCfg = Ad-Hoc|iPhone
		{FCB9C10A-6B62-4E2F-A3EB-DDC160EC6CCC}.AppStore|Any CPU.ActiveCfg = AppStore|iPhoneSimulator
		{FCB9C10A-6B62-4E2F-A3EB-DDC160EC6CCC}.AppStore|ARM.ActiveCfg = AppStore|iPhone
		{FCB9C10A-6B62-4E2F-A3EB-DDC160EC6CCC}.AppStore|iPhone.ActiveCfg = AppStore|iPhone
		{FCB9C10A-6B62-4E2F-A3EB-DDC160EC6CCC}.AppStore|iPhone.Build.0 = AppStore|iPhone
		{FCB9C10A-6B62-4E2F-A3EB-DDC160EC6CCC}.AppStore|iPhoneSimulator.ActiveCfg = AppStore|iPhoneSimulator
		{FCB9C10A-6B62-4E2F-A3EB-DDC160EC6CCC}.AppStore|iPhoneSimulator.Build.0 = AppStore|iPhoneSimulator
		{FCB9C10A-6B62-4E2F-A3EB-DDC160EC6CCC}.AppStore|x64.ActiveCfg = AppStore|iPhone
		{FCB9C10A-6B62-4E2F-A3EB-DDC160EC6CCC}.AppStore|x86.ActiveCfg = AppStore|iPhone
		{FCB9C10A-6B62-4E2F-A3EB-DDC160EC6CCC}.Debug|Any CPU.ActiveCfg = Debug|iPhoneSimulator
		{FCB9C10A-6B62-4E2F-A3EB-DDC160EC6CCC}.Debug|ARM.ActiveCfg = Debug|iPhone
		{FCB9C10A-6B62-4E2F-A3EB-DDC160EC6CCC}.Debug|iPhone.ActiveCfg = Debug|iPhone
		{FCB9C10A-6B62-4E2F-A3EB-DDC160EC6CCC}.Debug|iPhone.Build.0 = Debug|iPhone
		{FCB9C10A-6B62-4E2F-A3EB-DDC160EC6CCC}.Debug|iPhoneSimulator.ActiveCfg = Debug|iPhoneSimulator
		{FCB9C10A-6B62-4E2F-A3EB-DDC160EC6CCC}.Debug|iPhoneSimulator.Build.0 = Debug|iPhoneSimulator
		{FCB9C10A-6B62-4E2F-A3EB-DDC160EC6CCC}.Debug|x64.ActiveCfg = Debug|iPhone
		{FCB9C10A-6B62-4E2F-A3EB-DDC160EC6CCC}.Debug|x86.ActiveCfg = Debug|iPhone
		{FCB9C10A-6B62-4E2F-A3EB-DDC160EC6CCC}.Release|Any CPU.ActiveCfg = Release|iPhoneSimulator
		{FCB9C10A-6B62-4E2F-A3EB-DDC160EC6CCC}.Release|ARM.ActiveCfg = Release|iPhone
		{FCB9C10A-6B62-4E2F-A3EB-DDC160EC6CCC}.Release|iPhone.ActiveCfg = Release|iPhone
		{FCB9C10A-6B62-4E2F-A3EB-DDC160EC6CCC}.Release|iPhone.Build.0 = Release|iPhone
		{FCB9C10A-6B62-4E2F-A3EB-DDC160EC6CCC}.Release|iPhoneSimulator.ActiveCfg = Release|iPhoneSimulator
		{FCB9C10A-6B62-4E2F-A3EB-DDC160EC6CCC}.Release|iPhoneSimulator.Build.0 = Release|iPhoneSimulator
		{FCB9C10A-6B62-4E2F-A3EB-DDC160EC6CCC}.Release|x64.ActiveCfg = Release|iPhone
		{FCB9C10A-6B62-4E2F-A3EB-DDC160EC6CCC}.Release|x86.ActiveCfg = Release|iPhone
		{AB480F8D-E2E5-41DA-B950-B53CE4B067AB}.Ad-Hoc|Any CPU.ActiveCfg = Release|x86
		{AB480F8D-E2E5-41DA-B950-B53CE4B067AB}.Ad-Hoc|Any CPU.Build.0 = Release|x86
		{AB480F8D-E2E5-41DA-B950-B53CE4B067AB}.Ad-Hoc|Any CPU.Deploy.0 = Release|x86
		{AB480F8D-E2E5-41DA-B950-B53CE4B067AB}.Ad-Hoc|ARM.ActiveCfg = Release|ARM
		{AB480F8D-E2E5-41DA-B950-B53CE4B067AB}.Ad-Hoc|ARM.Build.0 = Release|ARM
		{AB480F8D-E2E5-41DA-B950-B53CE4B067AB}.Ad-Hoc|ARM.Deploy.0 = Release|ARM
		{AB480F8D-E2E5-41DA-B950-B53CE4B067AB}.Ad-Hoc|iPhone.ActiveCfg = Release|x86
		{AB480F8D-E2E5-41DA-B950-B53CE4B067AB}.Ad-Hoc|iPhone.Build.0 = Release|x86
		{AB480F8D-E2E5-41DA-B950-B53CE4B067AB}.Ad-Hoc|iPhone.Deploy.0 = Release|x86
		{AB480F8D-E2E5-41DA-B950-B53CE4B067AB}.Ad-Hoc|iPhoneSimulator.ActiveCfg = Release|x86
		{AB480F8D-E2E5-41DA-B950-B53CE4B067AB}.Ad-Hoc|iPhoneSimulator.Build.0 = Release|x86
		{AB480F8D-E2E5-41DA-B950-B53CE4B067AB}.Ad-Hoc|iPhoneSimulator.Deploy.0 = Release|x86
		{AB480F8D-E2E5-41DA-B950-B53CE4B067AB}.Ad-Hoc|x64.ActiveCfg = Release|x64
		{AB480F8D-E2E5-41DA-B950-B53CE4B067AB}.Ad-Hoc|x64.Build.0 = Release|x64
		{AB480F8D-E2E5-41DA-B950-B53CE4B067AB}.Ad-Hoc|x64.Deploy.0 = Release|x64
		{AB480F8D-E2E5-41DA-B950-B53CE4B067AB}.Ad-Hoc|x86.ActiveCfg = Release|x86
		{AB480F8D-E2E5-41DA-B950-B53CE4B067AB}.Ad-Hoc|x86.Build.0 = Release|x86
		{AB480F8D-E2E5-41DA-B950-B53CE4B067AB}.Ad-Hoc|x86.Deploy.0 = Release|x86
		{AB480F8D-E2E5-41DA-B950-B53CE4B067AB}.AppStore|Any CPU.ActiveCfg = Release|x86
		{AB480F8D-E2E5-41DA-B950-B53CE4B067AB}.AppStore|Any CPU.Build.0 = Release|x86
		{AB480F8D-E2E5-41DA-B950-B53CE4B067AB}.AppStore|Any CPU.Deploy.0 = Release|x86
		{AB480F8D-E2E5-41DA-B950-B53CE4B067AB}.AppStore|ARM.ActiveCfg = Release|ARM
		{AB480F8D-E2E5-41DA-B950-B53CE4B067AB}.AppStore|ARM.Build.0 = Release|ARM
		{AB480F8D-E2E5-41DA-B950-B53CE4B067AB}.AppStore|ARM.Deploy.0 = Release|ARM
		{AB480F8D-E2E5-41DA-B950-B53CE4B067AB}.AppStore|iPhone.ActiveCfg = Release|x86
		{AB480F8D-E2E5-41DA-B950-B53CE4B067AB}.AppStore|iPhone.Build.0 = Release|x86
		{AB480F8D-E2E5-41DA-B950-B53CE4B067AB}.AppStore|iPhone.Deploy.0 = Release|x86
		{AB480F8D-E2E5-41DA-B950-B53CE4B067AB}.AppStore|iPhoneSimulator.ActiveCfg = Release|x86
		{AB480F8D-E2E5-41DA-B950-B53CE4B067AB}.AppStore|iPhoneSimulator.Build.0 = Release|x86
		{AB480F8D-E2E5-41DA-B950-B53CE4B067AB}.AppStore|iPhoneSimulator.Deploy.0 = Release|x86
		{AB480F8D-E2E5-41DA-B950-B53CE4B067AB}.AppStore|x64.ActiveCfg = Release|x64
		{AB480F8D-E2E5-41DA-B950-B53CE4B067AB}.AppStore|x64.Build.0 = Release|x64
		{AB480F8D-E2E5-41DA-B950-B53CE4B067AB}.AppStore|x64.Deploy.0 = Release|x64
		{AB480F8D-E2E5-41DA-B950-B53CE4B067AB}.AppStore|x86.ActiveCfg = Release|x86
		{AB480F8D-E2E5-41DA-B950-B53CE4B067AB}.AppStore|x86.Build.0 = Release|x86
		{AB480F8D-E2E5-41DA-B950-B53CE4B067AB}.AppStore|x86.Deploy.0 = Release|x86
		{AB480F8D-E2E5-41DA-B950-B53CE4B067AB}.Debug|Any CPU.ActiveCfg = Debug|x86
		{AB480F8D-E2E5-41DA-B950-B53CE4B067AB}.Debug|ARM.ActiveCfg = Debug|ARM
		{AB480F8D-E2E5-41DA-B950-B53CE4B067AB}.Debug|ARM.Build.0 = Debug|ARM
		{AB480F8D-E2E5-41DA-B950-B53CE4B067AB}.Debug|ARM.Deploy.0 = Debug|ARM
		{AB480F8D-E2E5-41DA-B950-B53CE4B067AB}.Debug|iPhone.ActiveCfg = Debug|x86
		{AB480F8D-E2E5-41DA-B950-B53CE4B067AB}.Debug|iPhoneSimulator.ActiveCfg = Debug|x86
		{AB480F8D-E2E5-41DA-B950-B53CE4B067AB}.Debug|x64.ActiveCfg = Debug|x64
		{AB480F8D-E2E5-41DA-B950-B53CE4B067AB}.Debug|x64.Build.0 = Debug|x64
		{AB480F8D-E2E5-41DA-B950-B53CE4B067AB}.Debug|x64.Deploy.0 = Debug|x64
		{AB480F8D-E2E5-41DA-B950-B53CE4B067AB}.Debug|x86.ActiveCfg = Debug|x86
		{AB480F8D-E2E5-41DA-B950-B53CE4B067AB}.Debug|x86.Build.0 = Debug|x86
		{AB480F8D-E2E5-41DA-B950-B53CE4B067AB}.Debug|x86.Deploy.0 = Debug|x86
		{AB480F8D-E2E5-41DA-B950-B53CE4B067AB}.Release|Any CPU.ActiveCfg = Release|x86
		{AB480F8D-E2E5-41DA-B950-B53CE4B067AB}.Release|ARM.ActiveCfg = Release|ARM
		{AB480F8D-E2E5-41DA-B950-B53CE4B067AB}.Release|ARM.Build.0 = Release|ARM
		{AB480F8D-E2E5-41DA-B950-B53CE4B067AB}.Release|ARM.Deploy.0 = Release|ARM
		{AB480F8D-E2E5-41DA-B950-B53CE4B067AB}.Release|iPhone.ActiveCfg = Release|x86
		{AB480F8D-E2E5-41DA-B950-B53CE4B067AB}.Release|iPhoneSimulator.ActiveCfg = Release|x86
		{AB480F8D-E2E5-41DA-B950-B53CE4B067AB}.Release|x64.ActiveCfg = Release|x64
		{AB480F8D-E2E5-41DA-B950-B53CE4B067AB}.Release|x64.Build.0 = Release|x64
		{AB480F8D-E2E5-41DA-B950-B53CE4B067AB}.Release|x64.Deploy.0 = Release|x64
		{AB480F8D-E2E5-41DA-B950-B53CE4B067AB}.Release|x86.ActiveCfg = Release|x86
		{AB480F8D-E2E5-41DA-B950-B53CE4B067AB}.Release|x86.Build.0 = Release|x86
		{AB480F8D-E2E5-41DA-B950-B53CE4B067AB}.Release|x86.Deploy.0 = Release|x86
		{84665B9A-048A-4605-88F0-B466395BA2CE}.Ad-Hoc|Any CPU.ActiveCfg = Debug|Any CPU
		{84665B9A-048A-4605-88F0-B466395BA2CE}.Ad-Hoc|Any CPU.Build.0 = Debug|Any CPU
		{84665B9A-048A-4605-88F0-B466395BA2CE}.Ad-Hoc|ARM.ActiveCfg = Debug|Any CPU
		{84665B9A-048A-4605-88F0-B466395BA2CE}.Ad-Hoc|ARM.Build.0 = Debug|Any CPU
		{84665B9A-048A-4605-88F0-B466395BA2CE}.Ad-Hoc|iPhone.ActiveCfg = Debug|Any CPU
		{84665B9A-048A-4605-88F0-B466395BA2CE}.Ad-Hoc|iPhone.Build.0 = Debug|Any CPU
		{84665B9A-048A-4605-88F0-B466395BA2CE}.Ad-Hoc|iPhoneSimulator.ActiveCfg = Debug|Any CPU
		{84665B9A-048A-4605-88F0-B466395BA2CE}.Ad-Hoc|iPhoneSimulator.Build.0 = Debug|Any CPU
		{84665B9A-048A-4605-88F0-B466395BA2CE}.Ad-Hoc|x64.ActiveCfg = Debug|Any CPU
		{84665B9A-048A-4605-88F0-B466395BA2CE}.Ad-Hoc|x64.Build.0 = Debug|Any CPU
		{84665B9A-048A-4605-88F0-B466395BA2CE}.Ad-Hoc|x86.ActiveCfg = Debug|Any CPU
		{84665B9A-048A-4605-88F0-B466395BA2CE}.Ad-Hoc|x86.Build.0 = Debug|Any CPU
		{84665B9A-048A-4605-88F0-B466395BA2CE}.AppStore|Any CPU.ActiveCfg = Debug|Any CPU
		{84665B9A-048A-4605-88F0-B466395BA2CE}.AppStore|Any CPU.Build.0 = Debug|Any CPU
		{84665B9A-048A-4605-88F0-B466395BA2CE}.AppStore|ARM.ActiveCfg = Debug|Any CPU
		{84665B9A-048A-4605-88F0-B466395BA2CE}.AppStore|ARM.Build.0 = Debug|Any CPU
		{84665B9A-048A-4605-88F0-B466395BA2CE}.AppStore|iPhone.ActiveCfg = Debug|Any CPU
		{84665B9A-048A-4605-88F0-B466395BA2CE}.AppStore|iPhone.Build.0 = Debug|Any CPU
		{84665B9A-048A-4605-88F0-B466395BA2CE}.AppStore|iPhoneSimulator.ActiveCfg = Debug|Any CPU
		{84665B9A-048A-4605-88F0-B466395BA2CE}.AppStore|iPhoneSimulator.Build.0 = Debug|Any CPU
		{84665B9A-048A-4605-88F0-B466395BA2CE}.AppStore|x64.ActiveCfg = Debug|Any CPU
		{84665B9A-048A-4605-88F0-B466395BA2CE}.AppStore|x64.Build.0 = Debug|Any CPU
		{84665B9A-048A-4605-88F0-B466395BA2CE}.AppStore|x86.ActiveCfg = Debug|Any CPU
		{84665B9A-048A-4605-88F0-B466395BA2CE}.AppStore|x86.Build.0 = Debug|Any CPU
		{84665B9A-048A-4605-88F0-B466395BA2CE}.Debug|Any CPU.ActiveCfg = Debug|Any CPU
		{84665B9A-048A-4605-88F0-B466395BA2CE}.Debug|Any CPU.Build.0 = Debug|Any CPU
		{84665B9A-048A-4605-88F0-B466395BA2CE}.Debug|ARM.ActiveCfg = Debug|Any CPU
		{84665B9A-048A-4605-88F0-B466395BA2CE}.Debug|ARM.Build.0 = Debug|Any CPU
		{84665B9A-048A-4605-88F0-B466395BA2CE}.Debug|iPhone.ActiveCfg = Debug|Any CPU
		{84665B9A-048A-4605-88F0-B466395BA2CE}.Debug|iPhone.Build.0 = Debug|Any CPU
		{84665B9A-048A-4605-88F0-B466395BA2CE}.Debug|iPhoneSimulator.ActiveCfg = Debug|Any CPU
		{84665B9A-048A-4605-88F0-B466395BA2CE}.Debug|iPhoneSimulator.Build.0 = Debug|Any CPU
		{84665B9A-048A-4605-88F0-B466395BA2CE}.Debug|x64.ActiveCfg = Debug|Any CPU
		{84665B9A-048A-4605-88F0-B466395BA2CE}.Debug|x64.Build.0 = Debug|Any CPU
		{84665B9A-048A-4605-88F0-B466395BA2CE}.Debug|x86.ActiveCfg = Debug|Any CPU
		{84665B9A-048A-4605-88F0-B466395BA2CE}.Debug|x86.Build.0 = Debug|Any CPU
		{84665B9A-048A-4605-88F0-B466395BA2CE}.Release|Any CPU.ActiveCfg = Release|Any CPU
		{84665B9A-048A-4605-88F0-B466395BA2CE}.Release|Any CPU.Build.0 = Release|Any CPU
		{84665B9A-048A-4605-88F0-B466395BA2CE}.Release|ARM.ActiveCfg = Release|Any CPU
		{84665B9A-048A-4605-88F0-B466395BA2CE}.Release|ARM.Build.0 = Release|Any CPU
		{84665B9A-048A-4605-88F0-B466395BA2CE}.Release|iPhone.ActiveCfg = Release|Any CPU
		{84665B9A-048A-4605-88F0-B466395BA2CE}.Release|iPhone.Build.0 = Release|Any CPU
		{84665B9A-048A-4605-88F0-B466395BA2CE}.Release|iPhoneSimulator.ActiveCfg = Release|Any CPU
		{84665B9A-048A-4605-88F0-B466395BA2CE}.Release|iPhoneSimulator.Build.0 = Release|Any CPU
		{84665B9A-048A-4605-88F0-B466395BA2CE}.Release|x64.ActiveCfg = Release|Any CPU
		{84665B9A-048A-4605-88F0-B466395BA2CE}.Release|x64.Build.0 = Release|Any CPU
		{84665B9A-048A-4605-88F0-B466395BA2CE}.Release|x86.ActiveCfg = Release|Any CPU
		{84665B9A-048A-4605-88F0-B466395BA2CE}.Release|x86.Build.0 = Release|Any CPU
		{C4989F15-A2CE-4F47-B655-CBD38BE82D7E}.Ad-Hoc|Any CPU.ActiveCfg = Release|Any CPU
		{C4989F15-A2CE-4F47-B655-CBD38BE82D7E}.Ad-Hoc|Any CPU.Build.0 = Release|Any CPU
		{C4989F15-A2CE-4F47-B655-CBD38BE82D7E}.Ad-Hoc|ARM.ActiveCfg = Release|Any CPU
		{C4989F15-A2CE-4F47-B655-CBD38BE82D7E}.Ad-Hoc|ARM.Build.0 = Release|Any CPU
		{C4989F15-A2CE-4F47-B655-CBD38BE82D7E}.Ad-Hoc|iPhone.ActiveCfg = Release|Any CPU
		{C4989F15-A2CE-4F47-B655-CBD38BE82D7E}.Ad-Hoc|iPhone.Build.0 = Release|Any CPU
		{C4989F15-A2CE-4F47-B655-CBD38BE82D7E}.Ad-Hoc|iPhoneSimulator.ActiveCfg = Release|Any CPU
		{C4989F15-A2CE-4F47-B655-CBD38BE82D7E}.Ad-Hoc|iPhoneSimulator.Build.0 = Release|Any CPU
		{C4989F15-A2CE-4F47-B655-CBD38BE82D7E}.Ad-Hoc|x64.ActiveCfg = Release|Any CPU
		{C4989F15-A2CE-4F47-B655-CBD38BE82D7E}.Ad-Hoc|x64.Build.0 = Release|Any CPU
		{C4989F15-A2CE-4F47-B655-CBD38BE82D7E}.Ad-Hoc|x86.ActiveCfg = Release|Any CPU
		{C4989F15-A2CE-4F47-B655-CBD38BE82D7E}.Ad-Hoc|x86.Build.0 = Release|Any CPU
		{C4989F15-A2CE-4F47-B655-CBD38BE82D7E}.AppStore|Any CPU.ActiveCfg = Release|Any CPU
		{C4989F15-A2CE-4F47-B655-CBD38BE82D7E}.AppStore|Any CPU.Build.0 = Release|Any CPU
		{C4989F15-A2CE-4F47-B655-CBD38BE82D7E}.AppStore|ARM.ActiveCfg = Release|Any CPU
		{C4989F15-A2CE-4F47-B655-CBD38BE82D7E}.AppStore|ARM.Build.0 = Release|Any CPU
		{C4989F15-A2CE-4F47-B655-CBD38BE82D7E}.AppStore|iPhone.ActiveCfg = Release|Any CPU
		{C4989F15-A2CE-4F47-B655-CBD38BE82D7E}.AppStore|iPhone.Build.0 = Release|Any CPU
		{C4989F15-A2CE-4F47-B655-CBD38BE82D7E}.AppStore|iPhoneSimulator.ActiveCfg = Release|Any CPU
		{C4989F15-A2CE-4F47-B655-CBD38BE82D7E}.AppStore|iPhoneSimulator.Build.0 = Release|Any CPU
		{C4989F15-A2CE-4F47-B655-CBD38BE82D7E}.AppStore|x64.ActiveCfg = Release|Any CPU
		{C4989F15-A2CE-4F47-B655-CBD38BE82D7E}.AppStore|x64.Build.0 = Release|Any CPU
		{C4989F15-A2CE-4F47-B655-CBD38BE82D7E}.AppStore|x86.ActiveCfg = Release|Any CPU
		{C4989F15-A2CE-4F47-B655-CBD38BE82D7E}.AppStore|x86.Build.0 = Release|Any CPU
		{C4989F15-A2CE-4F47-B655-CBD38BE82D7E}.Debug|Any CPU.ActiveCfg = Debug|Any CPU
		{C4989F15-A2CE-4F47-B655-CBD38BE82D7E}.Debug|Any CPU.Build.0 = Debug|Any CPU
		{C4989F15-A2CE-4F47-B655-CBD38BE82D7E}.Debug|ARM.ActiveCfg = Debug|Any CPU
		{C4989F15-A2CE-4F47-B655-CBD38BE82D7E}.Debug|ARM.Build.0 = Debug|Any CPU
		{C4989F15-A2CE-4F47-B655-CBD38BE82D7E}.Debug|iPhone.ActiveCfg = Debug|Any CPU
		{C4989F15-A2CE-4F47-B655-CBD38BE82D7E}.Debug|iPhone.Build.0 = Debug|Any CPU
		{C4989F15-A2CE-4F47-B655-CBD38BE82D7E}.Debug|iPhoneSimulator.ActiveCfg = Debug|Any CPU
		{C4989F15-A2CE-4F47-B655-CBD38BE82D7E}.Debug|iPhoneSimulator.Build.0 = Debug|Any CPU
		{C4989F15-A2CE-4F47-B655-CBD38BE82D7E}.Debug|x64.ActiveCfg = Debug|Any CPU
		{C4989F15-A2CE-4F47-B655-CBD38BE82D7E}.Debug|x64.Build.0 = Debug|Any CPU
		{C4989F15-A2CE-4F47-B655-CBD38BE82D7E}.Debug|x86.ActiveCfg = Debug|Any CPU
		{C4989F15-A2CE-4F47-B655-CBD38BE82D7E}.Debug|x86.Build.0 = Debug|Any CPU
		{C4989F15-A2CE-4F47-B655-CBD38BE82D7E}.Release|Any CPU.ActiveCfg = Release|Any CPU
		{C4989F15-A2CE-4F47-B655-CBD38BE82D7E}.Release|Any CPU.Build.0 = Release|Any CPU
		{C4989F15-A2CE-4F47-B655-CBD38BE82D7E}.Release|ARM.ActiveCfg = Release|Any CPU
		{C4989F15-A2CE-4F47-B655-CBD38BE82D7E}.Release|ARM.Build.0 = Release|Any CPU
		{C4989F15-A2CE-4F47-B655-CBD38BE82D7E}.Release|iPhone.ActiveCfg = Release|Any CPU
		{C4989F15-A2CE-4F47-B655-CBD38BE82D7E}.Release|iPhone.Build.0 = Release|Any CPU
		{C4989F15-A2CE-4F47-B655-CBD38BE82D7E}.Release|iPhoneSimulator.ActiveCfg = Release|Any CPU
		{C4989F15-A2CE-4F47-B655-CBD38BE82D7E}.Release|iPhoneSimulator.Build.0 = Release|Any CPU
		{C4989F15-A2CE-4F47-B655-CBD38BE82D7E}.Release|x64.ActiveCfg = Release|Any CPU
		{C4989F15-A2CE-4F47-B655-CBD38BE82D7E}.Release|x64.Build.0 = Release|Any CPU
		{C4989F15-A2CE-4F47-B655-CBD38BE82D7E}.Release|x86.ActiveCfg = Release|Any CPU
		{C4989F15-A2CE-4F47-B655-CBD38BE82D7E}.Release|x86.Build.0 = Release|Any CPU
		{6A5DF026-A26C-4636-9C8B-F40D921E2FCA}.Ad-Hoc|Any CPU.ActiveCfg = Release|Any CPU
		{6A5DF026-A26C-4636-9C8B-F40D921E2FCA}.Ad-Hoc|Any CPU.Build.0 = Release|Any CPU
		{6A5DF026-A26C-4636-9C8B-F40D921E2FCA}.Ad-Hoc|ARM.ActiveCfg = Release|Any CPU
		{6A5DF026-A26C-4636-9C8B-F40D921E2FCA}.Ad-Hoc|ARM.Build.0 = Release|Any CPU
		{6A5DF026-A26C-4636-9C8B-F40D921E2FCA}.Ad-Hoc|iPhone.ActiveCfg = Release|Any CPU
		{6A5DF026-A26C-4636-9C8B-F40D921E2FCA}.Ad-Hoc|iPhone.Build.0 = Release|Any CPU
		{6A5DF026-A26C-4636-9C8B-F40D921E2FCA}.Ad-Hoc|iPhoneSimulator.ActiveCfg = Release|Any CPU
		{6A5DF026-A26C-4636-9C8B-F40D921E2FCA}.Ad-Hoc|iPhoneSimulator.Build.0 = Release|Any CPU
		{6A5DF026-A26C-4636-9C8B-F40D921E2FCA}.Ad-Hoc|x64.ActiveCfg = Release|Any CPU
		{6A5DF026-A26C-4636-9C8B-F40D921E2FCA}.Ad-Hoc|x64.Build.0 = Release|Any CPU
		{6A5DF026-A26C-4636-9C8B-F40D921E2FCA}.Ad-Hoc|x86.ActiveCfg = Release|Any CPU
		{6A5DF026-A26C-4636-9C8B-F40D921E2FCA}.Ad-Hoc|x86.Build.0 = Release|Any CPU
		{6A5DF026-A26C-4636-9C8B-F40D921E2FCA}.AppStore|Any CPU.ActiveCfg = Release|Any CPU
		{6A5DF026-A26C-4636-9C8B-F40D921E2FCA}.AppStore|Any CPU.Build.0 = Release|Any CPU
		{6A5DF026-A26C-4636-9C8B-F40D921E2FCA}.AppStore|ARM.ActiveCfg = Release|Any CPU
		{6A5DF026-A26C-4636-9C8B-F40D921E2FCA}.AppStore|ARM.Build.0 = Release|Any CPU
		{6A5DF026-A26C-4636-9C8B-F40D921E2FCA}.AppStore|iPhone.ActiveCfg = Release|Any CPU
		{6A5DF026-A26C-4636-9C8B-F40D921E2FCA}.AppStore|iPhone.Build.0 = Release|Any CPU
		{6A5DF026-A26C-4636-9C8B-F40D921E2FCA}.AppStore|iPhoneSimulator.ActiveCfg = Release|Any CPU
		{6A5DF026-A26C-4636-9C8B-F40D921E2FCA}.AppStore|iPhoneSimulator.Build.0 = Release|Any CPU
		{6A5DF026-A26C-4636-9C8B-F40D921E2FCA}.AppStore|x64.ActiveCfg = Release|Any CPU
		{6A5DF026-A26C-4636-9C8B-F40D921E2FCA}.AppStore|x64.Build.0 = Release|Any CPU
		{6A5DF026-A26C-4636-9C8B-F40D921E2FCA}.AppStore|x86.ActiveCfg = Release|Any CPU
		{6A5DF026-A26C-4636-9C8B-F40D921E2FCA}.AppStore|x86.Build.0 = Release|Any CPU
		{6A5DF026-A26C-4636-9C8B-F40D921E2FCA}.Debug|Any CPU.ActiveCfg = Debug|Any CPU
		{6A5DF026-A26C-4636-9C8B-F40D921E2FCA}.Debug|Any CPU.Build.0 = Debug|Any CPU
		{6A5DF026-A26C-4636-9C8B-F40D921E2FCA}.Debug|ARM.ActiveCfg = Debug|Any CPU
		{6A5DF026-A26C-4636-9C8B-F40D921E2FCA}.Debug|ARM.Build.0 = Debug|Any CPU
		{6A5DF026-A26C-4636-9C8B-F40D921E2FCA}.Debug|iPhone.ActiveCfg = Debug|Any CPU
		{6A5DF026-A26C-4636-9C8B-F40D921E2FCA}.Debug|iPhone.Build.0 = Debug|Any CPU
		{6A5DF026-A26C-4636-9C8B-F40D921E2FCA}.Debug|iPhoneSimulator.ActiveCfg = Debug|Any CPU
		{6A5DF026-A26C-4636-9C8B-F40D921E2FCA}.Debug|iPhoneSimulator.Build.0 = Debug|Any CPU
		{6A5DF026-A26C-4636-9C8B-F40D921E2FCA}.Debug|x64.ActiveCfg = Debug|Any CPU
		{6A5DF026-A26C-4636-9C8B-F40D921E2FCA}.Debug|x64.Build.0 = Debug|Any CPU
		{6A5DF026-A26C-4636-9C8B-F40D921E2FCA}.Debug|x86.ActiveCfg = Debug|Any CPU
		{6A5DF026-A26C-4636-9C8B-F40D921E2FCA}.Debug|x86.Build.0 = Debug|Any CPU
		{6A5DF026-A26C-4636-9C8B-F40D921E2FCA}.Release|Any CPU.ActiveCfg = Release|Any CPU
		{6A5DF026-A26C-4636-9C8B-F40D921E2FCA}.Release|Any CPU.Build.0 = Release|Any CPU
		{6A5DF026-A26C-4636-9C8B-F40D921E2FCA}.Release|ARM.ActiveCfg = Release|Any CPU
		{6A5DF026-A26C-4636-9C8B-F40D921E2FCA}.Release|ARM.Build.0 = Release|Any CPU
		{6A5DF026-A26C-4636-9C8B-F40D921E2FCA}.Release|iPhone.ActiveCfg = Release|Any CPU
		{6A5DF026-A26C-4636-9C8B-F40D921E2FCA}.Release|iPhone.Build.0 = Release|Any CPU
		{6A5DF026-A26C-4636-9C8B-F40D921E2FCA}.Release|iPhoneSimulator.ActiveCfg = Release|Any CPU
		{6A5DF026-A26C-4636-9C8B-F40D921E2FCA}.Release|iPhoneSimulator.Build.0 = Release|Any CPU
		{6A5DF026-A26C-4636-9C8B-F40D921E2FCA}.Release|x64.ActiveCfg = Release|Any CPU
		{6A5DF026-A26C-4636-9C8B-F40D921E2FCA}.Release|x64.Build.0 = Release|Any CPU
		{6A5DF026-A26C-4636-9C8B-F40D921E2FCA}.Release|x86.ActiveCfg = Release|Any CPU
		{6A5DF026-A26C-4636-9C8B-F40D921E2FCA}.Release|x86.Build.0 = Release|Any CPU
	EndGlobalSection
	GlobalSection(SolutionProperties) = preSolution
		HideSolutionNode = FALSE
	EndGlobalSection
	GlobalSection(ExtensibilityGlobals) = postSolution
		SolutionGuid = {7D83633F-0F59-4F5B-8417-AE59B1D7CBE0}
	EndGlobalSection
EndGlobal
